
Microsoft Visual Studio Solution File, Format Version 12.00
# Visual Studio Version 16
VisualStudioVersion = 16.0.30907.101
MinimumVisualStudioVersion = 10.0.40219.1
Project("{FAE04EC0-301F-11D3-BF4B-00C04F79EFBC}") = "PlanovacZnamek", "PlanovacZnamek\PlanovacZnamek.csproj", "{94F0B0BA-83A5-442B-B61B-AF37ACC7803A}"
EndProject
Global
	GlobalSection(SolutionConfigurationPlatforms) = preSolution
		Debug|Any CPU = Debug|Any CPU
		Release|Any CPU = Release|Any CPU
	EndGlobalSection
	GlobalSection(ProjectConfigurationPlatforms) = postSolution
		{94F0B0BA-83A5-442B-B61B-AF37ACC7803A}.Debug|Any CPU.ActiveCfg = Debug|Any CPU
		{94F0B0BA-83A5-442B-B61B-AF37ACC7803A}.Debug|Any CPU.Build.0 = Debug|Any CPU
		{94F0B0BA-83A5-442B-B61B-AF37ACC7803A}.Release|Any CPU.ActiveCfg = Release|Any CPU
		{94F0B0BA-83A5-442B-B61B-AF37ACC7803A}.Release|Any CPU.Build.0 = Release|Any CPU
	EndGlobalSection
	GlobalSection(SolutionProperties) = preSolution
		HideSolutionNode = FALSE
	EndGlobalSection
	GlobalSection(ExtensibilityGlobals) = postSolution
		SolutionGuid = {3B8606CA-7B58-4035-962F-DB6CA13A3A33}
	EndGlobalSection
EndGlobal
